github.com/gorilla/mux v1.8.0 h1:i40aqfkR1h2SlN9hojwV5ZA91wcXFOvkdNIeFDP5koI=
github.com/gorilla/mux v1.8.0/go.mod h1:DVbg23sWSpFRCP0SfiEN6jmj59UnW/n46BH5rLB71So=
github.com/theNewDynamic/gohugo-theme-ananke v0.0.0-20221214160441-315a00623c9f h1:cf7PDZnHEHhrAQqeZrkuJdwU4esXxgq9p84e4KRJZes=
github.com/theNewDynamic/gohugo-theme-ananke v0.0.0-20221214160441-315a00623c9f/go.mod h1:yY14BLqqh5G61rO81YcJKMHY1rClY5iIiUK+K2JKSUM=
